
Microsoft Visual Studio Solution File, Format Version 12.00
# Visual Studio Version 17
VisualStudioVersion = 17.7.34031.279
MinimumVisualStudioVersion = 10.0.40219.1
Project("{8BC9CEB8-8B4A-11D0-8D11-00A0C91BC942}") = "StevEngine", "StevEngine.vcxproj", "{6903CDF9-1B05-45B4-B794-0E67A8A1846B}"
EndProject
Global
	GlobalSection(SolutionConfigurationPlatforms) = preSolution
		Debug|x64 = Debug|x64
		Debug|x86 = Debug|x86
		Release|x64 = Release|x64
		Release|x86 = Release|x86
	EndGlobalSection
	GlobalSection(ProjectConfigurationPlatforms) = postSolution
		{6903CDF9-1B05-45B4-B794-0E67A8A1846B}.Debug|x64.ActiveCfg = Debug|x64
		{6903CDF9-1B05-45B4-B794-0E67A8A1846B}.Debug|x64.Build.0 = Debug|x64
		{6903CDF9-1B05-45B4-B794-0E67A8A1846B}.Debug|x86.ActiveCfg = Debug|Win32
		{6903CDF9-1B05-45B4-B794-0E67A8A1846B}.Debug|x86.Build.0 = Debug|Win32
		{6903CDF9-1B05-45B4-B794-0E67A8A1846B}.Release|x64.ActiveCfg = Release|x64
		{6903CDF9-1B05-45B4-B794-0E67A8A1846B}.Release|x64.Build.0 = Release|x64
		{6903CDF9-1B05-45B4-B794-0E67A8A1846B}.Release|x86.ActiveCfg = Release|Win32
		{6903CDF9-1B05-45B4-B794-0E67A8A1846B}.Release|x86.Build.0 = Release|Win32
	EndGlobalSection
	GlobalSection(SolutionProperties) = preSolution
		HideSolutionNode = FALSE
	EndGlobalSection
	GlobalSection(ExtensibilityGlobals) = postSolution
		SolutionGuid = {69A4FAA5-9529-47FE-95EF-A14ECD12253A}
	EndGlobalSection
EndGlobal
